
Microsoft Visual Studio Solution File, Format Version 12.00
# Visual Studio Version 16
VisualStudioVersion = 16.0.31624.102
MinimumVisualStudioVersion = 10.0.40219.1
Project("{FAE04EC0-301F-11D3-BF4B-00C04F79EFBC}") = "SummerPracticMatch3", "SummerPracticMatch3\SummerPracticMatch3.csproj", "{35031D43-37B1-4CD1-8768-002EC326150A}"
EndProject
Global
	GlobalSection(SolutionConfigurationPlatforms) = preSolution
		Debug|Any CPU = Debug|Any CPU
		Release|Any CPU = Release|Any CPU
	EndGlobalSection
	GlobalSection(ProjectConfigurationPlatforms) = postSolution
		{35031D43-37B1-4CD1-8768-002EC326150A}.Debug|Any CPU.ActiveCfg = Release|Any CPU
		{35031D43-37B1-4CD1-8768-002EC326150A}.Debug|Any CPU.Build.0 = Release|Any CPU
		{35031D43-37B1-4CD1-8768-002EC326150A}.Release|Any CPU.ActiveCfg = Release|Any CPU
		{35031D43-37B1-4CD1-8768-002EC326150A}.Release|Any CPU.Build.0 = Release|Any CPU
	EndGlobalSection
	GlobalSection(SolutionProperties) = preSolution
		HideSolutionNode = FALSE
	EndGlobalSection
	GlobalSection(ExtensibilityGlobals) = postSolution
		SolutionGuid = {14B9A08F-C793-4A5B-9C3D-2E61B33E04B2}
	EndGlobalSection
EndGlobal
